{
  "requires": true,
  "lockfileVersion": 1,
  "dependencies": {
    "create-jiyongsheng": {
      "version": "1.0.0",
      "resolved": "https://registry.npmjs.org/create-jiyongsheng/-/create-jiyongsheng-1.0.0.tgz",
      "integrity": "sha512-NRDPKD/FIU547hmsj5T0GjScOjkkqwFBW/s+XcpK8qL4h8olLUv8L3My2G+QRfTmDZCGIPfKaNfyydxzgmsWXA=="
    }
  }
}
